
Microsoft Visual Studio Solution File, Format Version 12.00
# Visual Studio Version 16
VisualStudioVersion = 16.0.30804.86
MinimumVisualStudioVersion = 10.0.40219.1
Project("{9A19103F-16F7-4668-BE54-9A1E7A4F7556}") = "NYSS_WPF_Vizhener", "NYSS_WPF_Vizhener\NYSS_WPF_Vizhener.csproj", "{C53BFAC8-8F01-4FAE-8391-49CD922FC324}"
EndProject
Project("{FAE04EC0-301F-11D3-BF4B-00C04F79EFBC}") = "NUnitTestProject1", "NUnitTestProject1\NUnitTestProject1.csproj", "{811F464A-10E4-4370-A9E9-12C2F5F3AA38}"
EndProject
Global
	GlobalSection(SolutionConfigurationPlatforms) = preSolution
		Debug|Any CPU = Debug|Any CPU
		Release|Any CPU = Release|Any CPU
	EndGlobalSection
	GlobalSection(ProjectConfigurationPlatforms) = postSolution
		{C53BFAC8-8F01-4FAE-8391-49CD922FC324}.Debug|Any CPU.ActiveCfg = Debug|Any CPU
		{C53BFAC8-8F01-4FAE-8391-49CD922FC324}.Debug|Any CPU.Build.0 = Debug|Any CPU
		{C53BFAC8-8F01-4FAE-8391-49CD922FC324}.Release|Any CPU.ActiveCfg = Release|Any CPU
		{C53BFAC8-8F01-4FAE-8391-49CD922FC324}.Release|Any CPU.Build.0 = Release|Any CPU
		{811F464A-10E4-4370-A9E9-12C2F5F3AA38}.Debug|Any CPU.ActiveCfg = Debug|Any CPU
		{811F464A-10E4-4370-A9E9-12C2F5F3AA38}.Debug|Any CPU.Build.0 = Debug|Any CPU
		{811F464A-10E4-4370-A9E9-12C2F5F3AA38}.Release|Any CPU.ActiveCfg = Release|Any CPU
		{811F464A-10E4-4370-A9E9-12C2F5F3AA38}.Release|Any CPU.Build.0 = Release|Any CPU
	EndGlobalSection
	GlobalSection(SolutionProperties) = preSolution
		HideSolutionNode = FALSE
	EndGlobalSection
	GlobalSection(ExtensibilityGlobals) = postSolution
		SolutionGuid = {65465917-DCD3-400A-A85D-8B1F7D590A0C}
	EndGlobalSection
EndGlobal
